
Microsoft Visual Studio Solution File, Format Version 12.00
# Visual Studio Version 17
VisualStudioVersion = 17.14.36301.6 d17.14
MinimumVisualStudioVersion = 10.0.40219.1
Project("{FAE04EC0-301F-11D3-BF4B-00C04F79EFBC}") = "PaycBillingWorker", "PaycBillingWorker.csproj", "{BD834C9C-AC41-4894-BB5D-0886A2893980}"
EndProject
Global
	GlobalSection(SolutionConfigurationPlatforms) = preSolution
		Debug|Any CPU = Debug|Any CPU
		Release|Any CPU = Release|Any CPU
	EndGlobalSection
	GlobalSection(ProjectConfigurationPlatforms) = postSolution
		{BD834C9C-AC41-4894-BB5D-0886A2893980}.Debug|Any CPU.ActiveCfg = Debug|Any CPU
		{BD834C9C-AC41-4894-BB5D-0886A2893980}.Debug|Any CPU.Build.0 = Debug|Any CPU
		{BD834C9C-AC41-4894-BB5D-0886A2893980}.Release|Any CPU.ActiveCfg = Release|Any CPU
		{BD834C9C-AC41-4894-BB5D-0886A2893980}.Release|Any CPU.Build.0 = Release|Any CPU
	EndGlobalSection
	GlobalSection(SolutionProperties) = preSolution
		HideSolutionNode = FALSE
	EndGlobalSection
	GlobalSection(ExtensibilityGlobals) = postSolution
		SolutionGuid = {FE956EF0-C087-4DDA-A117-3DC8B4065B4F}
	EndGlobalSection
EndGlobal
